
Microsoft Visual Studio Solution File, Format Version 12.00
# Visual Studio 15
VisualStudioVersion = 15.0.27428.2005
MinimumVisualStudioVersion = 10.0.40219.1
Project("{FAE04EC0-301F-11D3-BF4B-00C04F79EFBC}") = "WorkingWithCollections", "WorkingWithCollections\WorkingWithCollections.csproj", "{3BD127A5-1652-4012-9360-2F116AECF370}"
EndProject
Global
	GlobalSection(SolutionConfigurationPlatforms) = preSolution
		Debug|Any CPU = Debug|Any CPU
		Release|Any CPU = Release|Any CPU
	EndGlobalSection
	GlobalSection(ProjectConfigurationPlatforms) = postSolution
		{3BD127A5-1652-4012-9360-2F116AECF370}.Debug|Any CPU.ActiveCfg = Debug|Any CPU
		{3BD127A5-1652-4012-9360-2F116AECF370}.Debug|Any CPU.Build.0 = Debug|Any CPU
		{3BD127A5-1652-4012-9360-2F116AECF370}.Release|Any CPU.ActiveCfg = Release|Any CPU
		{3BD127A5-1652-4012-9360-2F116AECF370}.Release|Any CPU.Build.0 = Release|Any CPU
	EndGlobalSection
	GlobalSection(SolutionProperties) = preSolution
		HideSolutionNode = FALSE
	EndGlobalSection
	GlobalSection(ExtensibilityGlobals) = postSolution
		SolutionGuid = {A8302759-AEBA-4B78-8CD0-5390DC21AA3D}
	EndGlobalSection
EndGlobal
